
Microsoft Visual Studio Solution File, Format Version 12.00
# Visual Studio Version 16
VisualStudioVersion = 16.0.30330.147
MinimumVisualStudioVersion = 10.0.40219.1
Project("{FAE04EC0-301F-11D3-BF4B-00C04F79EFBC}") = "indeed.com.scraper", "indeed.com.scraper\indeed.com.scraper.csproj", "{0C2F08DF-9093-47CE-8BF1-F9CAD3FA6D04}"
EndProject
Global
	GlobalSection(SolutionConfigurationPlatforms) = preSolution
		Debug|Any CPU = Debug|Any CPU
		Release|Any CPU = Release|Any CPU
	EndGlobalSection
	GlobalSection(ProjectConfigurationPlatforms) = postSolution
		{0C2F08DF-9093-47CE-8BF1-F9CAD3FA6D04}.Debug|Any CPU.ActiveCfg = Debug|Any CPU
		{0C2F08DF-9093-47CE-8BF1-F9CAD3FA6D04}.Debug|Any CPU.Build.0 = Debug|Any CPU
		{0C2F08DF-9093-47CE-8BF1-F9CAD3FA6D04}.Release|Any CPU.ActiveCfg = Release|Any CPU
		{0C2F08DF-9093-47CE-8BF1-F9CAD3FA6D04}.Release|Any CPU.Build.0 = Release|Any CPU
	EndGlobalSection
	GlobalSection(SolutionProperties) = preSolution
		HideSolutionNode = FALSE
	EndGlobalSection
	GlobalSection(ExtensibilityGlobals) = postSolution
		SolutionGuid = {0CE384AF-BEAB-450C-A35D-4F194E321DC0}
	EndGlobalSection
EndGlobal
